
Microsoft Visual Studio Solution File, Format Version 12.00
# Visual Studio Version 17
VisualStudioVersion = 17.7.34221.43
MinimumVisualStudioVersion = 10.0.40219.1
Project("{8BC9CEB8-8B4A-11D0-8D11-00A0C91BC942}") = "C++ 3.0", "C++ 3.0\C++ 3.0.vcxproj", "{AC663E81-4269-4E43-A703-8048BF741FD4}"
EndProject
Global
	GlobalSection(SolutionConfigurationPlatforms) = preSolution
		Debug|x64 = Debug|x64
		Debug|x86 = Debug|x86
		Release|x64 = Release|x64
		Release|x86 = Release|x86
	EndGlobalSection
	GlobalSection(ProjectConfigurationPlatforms) = postSolution
		{AC663E81-4269-4E43-A703-8048BF741FD4}.Debug|x64.ActiveCfg = Debug|x64
		{AC663E81-4269-4E43-A703-8048BF741FD4}.Debug|x64.Build.0 = Debug|x64
		{AC663E81-4269-4E43-A703-8048BF741FD4}.Debug|x86.ActiveCfg = Debug|Win32
		{AC663E81-4269-4E43-A703-8048BF741FD4}.Debug|x86.Build.0 = Debug|Win32
		{AC663E81-4269-4E43-A703-8048BF741FD4}.Release|x64.ActiveCfg = Release|x64
		{AC663E81-4269-4E43-A703-8048BF741FD4}.Release|x64.Build.0 = Release|x64
		{AC663E81-4269-4E43-A703-8048BF741FD4}.Release|x86.ActiveCfg = Release|Win32
		{AC663E81-4269-4E43-A703-8048BF741FD4}.Release|x86.Build.0 = Release|Win32
	EndGlobalSection
	GlobalSection(SolutionProperties) = preSolution
		HideSolutionNode = FALSE
	EndGlobalSection
	GlobalSection(ExtensibilityGlobals) = postSolution
		SolutionGuid = {BF4BA98F-30C4-402A-A5CB-187851F50524}
	EndGlobalSection
EndGlobal
